<?xml version="1.0" encoding="utf-8"?>
<Project ToolsVersion="4.0" xmlns="http://schemas.microsoft.com/developer/msbuild/2003">
  <ItemGroup>
    <Filter Include="Source Files">
      <UniqueIdentifier>{4FC737F1-C7A5-4376-A066-2A32D752A2FF}</UniqueIdentifier>
      <Extensions>cpp;c;cc;cxx;c++;cppm;ixx;def;odl;idl;hpj;bat;asm;asmx</Extensions>
    </Filter>
    <Filter Include="Resource Files">
      <UniqueIdentifier>{67DA6AB6-F800-4c08-8B7A-83BB121AAD01}</UniqueIdentifier>
      <Extensions>rc;ico;cur;bmp;dlg;rc2;rct;bin;rgs;gif;jpg;jpeg;jpe;resx;tiff;tif;png;wav;mfcribbon-ms</Extensions>
    </Filter>
    <Filter Include="Callback Functions">
      <UniqueIdentifier>{cb7d480b-a824-4709-a5f8-bb62fdf45b63}</UniqueIdentifier>
    </Filter>
    <Filter Include="cMeshObject">
      <UniqueIdentifier>{6a538991-bcf4-4152-93b0-813be27189eb}</UniqueIdentifier>
    </Filter>
    <Filter Include="Global Stuff">
      <UniqueIdentifier>{07c4d1de-e64a-4721-8232-77279e662e67}</UniqueIdentifier>
    </Filter>
    <Filter Include="Lights">
      <UniqueIdentifier>{8964241c-f14c-473c-a47f-f36164c61325}</UniqueIdentifier>
    </Filter>
    <Filter Include="VAOManager_FileLoading">
      <UniqueIdentifier>{98715f2a-845e-492a-82e3-db3bc1e381b9}</UniqueIdentifier>
    </Filter>
    <Filter Include="Shaders">
      <UniqueIdentifier>{756c2898-79cb-4b16-8fc0-2f424077ffce}</UniqueIdentifier>
    </Filter>
    <Filter Include="ShaderManager">
      <UniqueIdentifier>{f54636df-4ef6-4c46-9a1d-890d440ab76a}</UniqueIdentifier>
    </Filter>
    <Filter Include="Physics">
      <UniqueIdentifier>{16f26662-29c8-4b28-a790-8e8ba61891d9}</UniqueIdentifier>
    </Filter>
    <Filter Include="UI">
      <UniqueIdentifier>{0847f5ed-8d39-4dcd-98bd-68fe94482ec4}</UniqueIdentifier>
    </Filter>
    <Filter Include="imgui">
      <UniqueIdentifier>{a002006b-5cc9-40d5-8806-929ed31440e3}</UniqueIdentifier>
    </Filter>
    <Filter Include="FMod">
      <UniqueIdentifier>{eed6302c-d91a-423c-bb58-fb91907a86ad}</UniqueIdentifier>
    </Filter>
    <Filter Include="Textures">
      <UniqueIdentifier>{9e5b51c9-09e0-4e7b-ac1f-1be27a66526f}</UniqueIdentifier>
    </Filter>
    <Filter Include="Lua">
      <UniqueIdentifier>{9190cf89-cec1-4cb8-99e6-0b9d2524ad21}</UniqueIdentifier>
    </Filter>
  </ItemGroup>
  <ItemGroup>
    <ClCompile Include="cVAOManager\cVAOManager.cpp">
      <Filter>VAOManager_FileLoading</Filter>
    </ClCompile>
    <ClCompile Include="cVAOManager\c3DModelFileLoader.cpp">
      <Filter>VAOManager_FileLoading</Filter>
    </ClCompile>
    <ClCompile Include="cShader.cpp">
      <Filter>ShaderManager</Filter>
    </ClCompile>
    <ClCompile Include="cShaderManager.cpp">
      <Filter>ShaderManager</Filter>
    </ClCompile>
    <ClCompile Include="GraphicScene.cpp">
      <Filter>Source Files</Filter>
    </ClCompile>
    <ClCompile Include="theMainFunction.cpp">
      <Filter>Source Files</Filter>
    </ClCompile>
    <ClCompile Include="cLight.cpp">
      <Filter>Lights</Filter>
    </ClCompile>
    <ClCompile Include="cLightHelper.cpp">
      <Filter>Lights</Filter>
    </ClCompile>
    <ClCompile Include="cLightManager.cpp">
      <Filter>Lights</Filter>
    </ClCompile>
    <ClCompile Include="KeyboardCallbackFunctions.cpp">
      <Filter>Callback Functions</Filter>
    </ClCompile>
    <ClCompile Include="cMeshObject.cpp">
      <Filter>cMeshObject</Filter>
    </ClCompile>
    <ClCompile Include="glad.c">
      <Filter>Global Stuff</Filter>
    </ClCompile>
    <ClCompile Include="globalThings.cpp">
      <Filter>Global Stuff</Filter>
    </ClCompile>
    <ClCompile Include="imgui\imgui_draw.cpp">
      <Filter>imgui</Filter>
    </ClCompile>
    <ClCompile Include="imgui\imgui_impl_glfw.cpp">
      <Filter>imgui</Filter>
    </ClCompile>
    <ClCompile Include="imgui\imgui_impl_opengl3.cpp">
      <Filter>imgui</Filter>
    </ClCompile>
    <ClCompile Include="imgui\imgui_tables.cpp">
      <Filter>imgui</Filter>
    </ClCompile>
    <ClCompile Include="imgui\imgui_widgets.cpp">
      <Filter>imgui</Filter>
    </ClCompile>
    <ClCompile Include="imgui\imgui.cpp">
      <Filter>imgui</Filter>
    </ClCompile>
    <ClCompile Include="imgui\imgui_demo.cpp">
      <Filter>imgui</Filter>
    </ClCompile>
    <ClCompile Include="cRandomUI.cpp">
      <Filter>UI</Filter>
    </ClCompile>
    <ClCompile Include="Particle.cpp">
      <Filter>Physics</Filter>
    </ClCompile>
    <ClCompile Include="ParticleSystem.cpp">
      <Filter>Physics</Filter>
    </ClCompile>
    <ClCompile Include="PhysicsDebugRenderer.cpp">
      <Filter>Physics</Filter>
    </ClCompile>
    <ClCompile Include="PhysicsMath.cpp">
      <Filter>Physics</Filter>
    </ClCompile>
    <ClCompile Include="PhysicsObject.cpp">
      <Filter>Physics</Filter>
    </ClCompile>
    <ClCompile Include="PhysicsSystem.cpp">
      <Filter>Physics</Filter>
    </ClCompile>
    <ClCompile Include="PhysicsUtils.cpp">
      <Filter>Physics</Filter>
    </ClCompile>
    <ClCompile Include="Shapes.cpp">
      <Filter>Physics</Filter>
    </ClCompile>
    <ClCompile Include="SimulationView.cpp">
      <Filter>Physics</Filter>
    </ClCompile>
    <ClCompile Include="Time.cpp">
      <Filter>Physics</Filter>
    </ClCompile>
    <ClCompile Include="Vector3.cpp">
      <Filter>Physics</Filter>
    </ClCompile>
    <ClCompile Include="Spring.cpp">
      <Filter>Physics</Filter>
    </ClCompile>
    <ClCompile Include="FModManager.cpp">
      <Filter>FMod</Filter>
    </ClCompile>
    <ClCompile Include="BlocksLoader.cpp">
      <Filter>Source Files</Filter>
    </ClCompile>
    <ClCompile Include="cBasicTextureManager\C24BitBMPpixel.cpp">
      <Filter>Textures</Filter>
    </ClCompile>
    <ClCompile Include="cBasicTextureManager\cBasicTextureManager.cpp">
      <Filter>Textures</Filter>
    </ClCompile>
    <ClCompile Include="cBasicTextureManager\CTextureFromBMP.cpp">
      <Filter>Textures</Filter>
    </ClCompile>
    <ClCompile Include="DrawObject_function.cpp">
      <Filter>Source Files</Filter>
    </ClCompile>
    <ClCompile Include="cLuaBrain.cpp">
      <Filter>Lua</Filter>
    </ClCompile>
  </ItemGroup>
  <ItemGroup>
    <ClInclude Include="cVAOManager\sModelDrawInfo.h">
      <Filter>VAOManager_FileLoading</Filter>
    </ClInclude>
    <ClInclude Include="cVAOManager\cVAOManager.h">
      <Filter>VAOManager_FileLoading</Filter>
    </ClInclude>
    <ClInclude Include="cVAOManager\c3DModelFileLoader.h">
      <Filter>VAOManager_FileLoading</Filter>
    </ClInclude>
    <ClInclude Include="cShaderManager.h">
      <Filter>ShaderManager</Filter>
    </ClInclude>
    <ClInclude Include="GraphicScene.h">
      <Filter>Source Files</Filter>
    </ClInclude>
    <ClInclude Include="cMeshObject.h">
      <Filter>cMeshObject</Filter>
    </ClInclude>
    <ClInclude Include="cLight.h">
      <Filter>Lights</Filter>
    </ClInclude>
    <ClInclude Include="cLightHelper.h">
      <Filter>Lights</Filter>
    </ClInclude>
    <ClInclude Include="cLightManager.h">
      <Filter>Lights</Filter>
    </ClInclude>
    <ClInclude Include="globalThings.h">
      <Filter>Global Stuff</Filter>
    </ClInclude>
    <ClInclude Include="globalOpenGL.h">
      <Filter>Global Stuff</Filter>
    </ClInclude>
    <ClInclude Include="iObject.h">
      <Filter>UI</Filter>
    </ClInclude>
    <ClInclude Include="cRandomUI.h">
      <Filter>UI</Filter>
    </ClInclude>
    <ClInclude Include="imgui\imgui_impl_glfw.h">
      <Filter>imgui</Filter>
    </ClInclude>
    <ClInclude Include="imgui\imgui_impl_opengl3.h">
      <Filter>imgui</Filter>
    </ClInclude>
    <ClInclude Include="imgui\imgui_impl_opengl3_loader.h">
      <Filter>imgui</Filter>
    </ClInclude>
    <ClInclude Include="imgui\imgui_internal.h">
      <Filter>imgui</Filter>
    </ClInclude>
    <ClInclude Include="imgui\imstb_rectpack.h">
      <Filter>imgui</Filter>
    </ClInclude>
    <ClInclude Include="imgui\imstb_textedit.h">
      <Filter>imgui</Filter>
    </ClInclude>
    <ClInclude Include="imgui\imstb_truetype.h">
      <Filter>imgui</Filter>
    </ClInclude>
    <ClInclude Include="imgui\imconfig.h">
      <Filter>imgui</Filter>
    </ClInclude>
    <ClInclude Include="imgui\imgui.h">
      <Filter>imgui</Filter>
    </ClInclude>
    <ClInclude Include="Particle.h">
      <Filter>Physics</Filter>
    </ClInclude>
    <ClInclude Include="ParticleSystem.h">
      <Filter>Physics</Filter>
    </ClInclude>
    <ClInclude Include="PhysicsDebugRenderer.h">
      <Filter>Physics</Filter>
    </ClInclude>
    <ClInclude Include="PhysicsMath.h">
      <Filter>Physics</Filter>
    </ClInclude>
    <ClInclude Include="PhysicsObject.h">
      <Filter>Physics</Filter>
    </ClInclude>
    <ClInclude Include="PhysicsSystem.h">
      <Filter>Physics</Filter>
    </ClInclude>
    <ClInclude Include="PhysicsUtils.h">
      <Filter>Physics</Filter>
    </ClInclude>
    <ClInclude Include="Shapes.h">
      <Filter>Physics</Filter>
    </ClInclude>
    <ClInclude Include="SimulationView.h">
      <Filter>Physics</Filter>
    </ClInclude>
    <ClInclude Include="Time.h">
      <Filter>Physics</Filter>
    </ClInclude>
    <ClInclude Include="Vector3.h">
      <Filter>Physics</Filter>
    </ClInclude>
    <ClInclude Include="Ball.h">
      <Filter>Physics</Filter>
    </ClInclude>
    <ClInclude Include="BoundingBox.h">
      <Filter>Physics</Filter>
    </ClInclude>
    <ClInclude Include="Spring.h">
      <Filter>Physics</Filter>
    </ClInclude>
    <ClInclude Include="FModManager.h">
      <Filter>FMod</Filter>
    </ClInclude>
    <ClInclude Include="BlocksLoader.h">
      <Filter>Source Files</Filter>
    </ClInclude>
    <ClInclude Include="cBasicTextureManager\C24BitBMPpixel.h">
      <Filter>Textures</Filter>
    </ClInclude>
    <ClInclude Include="cBasicTextureManager\cBasicTextureManager.h">
      <Filter>Textures</Filter>
    </ClInclude>
    <ClInclude Include="cBasicTextureManager\CTextureFromBMP.h">
      <Filter>Textures</Filter>
    </ClInclude>
    <ClInclude Include="cLuaBrain.h">
      <Filter>Lua</Filter>
    </ClInclude>
  </ItemGroup>
  <ItemGroup>
    <None Include="assets\shaders\fragmentShader01.glsl">
      <Filter>Shaders</Filter>
    </None>
    <None Include="assets\shaders\vertexShader01.glsl">
      <Filter>Shaders</Filter>
    </None>
  </ItemGroup>
</Project>