<?xml version="1.0" encoding="utf-8"?>
<Project ToolsVersion="4.0" xmlns="http://schemas.microsoft.com/developer/msbuild/2003">
  <ItemGroup>
    <Filter Include="Source Files">
      <UniqueIdentifier>{4FC737F1-C7A5-4376-A066-2A32D752A2FF}</UniqueIdentifier>
      <Extensions>cpp;c;cc;cxx;c++;cppm;ixx;def;odl;idl;hpj;bat;asm;asmx</Extensions>
    </Filter>
    <Filter Include="Header Files">
      <UniqueIdentifier>{93995380-89BD-4b04-88EB-625FBE52EBFB}</UniqueIdentifier>
      <Extensions>h;hh;hpp;hxx;h++;hm;inl;inc;ipp;xsd</Extensions>
    </Filter>
    <Filter Include="Resource Files">
      <UniqueIdentifier>{67DA6AB6-F800-4c08-8B7A-83BB121AAD01}</UniqueIdentifier>
      <Extensions>rc;ico;cur;bmp;dlg;rc2;rct;bin;rgs;gif;jpg;jpeg;jpe;resx;tiff;tif;png;wav;mfcribbon-ms</Extensions>
    </Filter>
  </ItemGroup>
  <ItemGroup>
    <ClInclude Include="physics\interfaces\BodyType.h">
      <Filter>Header Files</Filter>
    </ClInclude>
    <ClInclude Include="physics\interfaces\BoxShape.h">
      <Filter>Header Files</Filter>
    </ClInclude>
    <ClInclude Include="physics\interfaces\CylinderShape.h">
      <Filter>Header Files</Filter>
    </ClInclude>
    <ClInclude Include="physics\interfaces\iCollisionBody.h">
      <Filter>Header Files</Filter>
    </ClInclude>
    <ClInclude Include="physics\interfaces\iPhysicsFactory.h">
      <Filter>Header Files</Filter>
    </ClInclude>
    <ClInclude Include="physics\interfaces\iPhysicsWorld.h">
      <Filter>Header Files</Filter>
    </ClInclude>
    <ClInclude Include="physics\interfaces\iRigidBody.h">
      <Filter>Header Files</Filter>
    </ClInclude>
    <ClInclude Include="physics\interfaces\iShape.h">
      <Filter>Header Files</Filter>
    </ClInclude>
    <ClInclude Include="physics\interfaces\iSoftBody.h">
      <Filter>Header Files</Filter>
    </ClInclude>
    <ClInclude Include="physics\interfaces\Math.h">
      <Filter>Header Files</Filter>
    </ClInclude>
    <ClInclude Include="physics\interfaces\PlaneShape.h">
      <Filter>Header Files</Filter>
    </ClInclude>
    <ClInclude Include="physics\interfaces\RigidBodyDesc.h">
      <Filter>Header Files</Filter>
    </ClInclude>
    <ClInclude Include="physics\interfaces\ShapeType.h">
      <Filter>Header Files</Filter>
    </ClInclude>
    <ClInclude Include="physics\interfaces\SoftBodyDesc.h">
      <Filter>Header Files</Filter>
    </ClInclude>
    <ClInclude Include="physics\interfaces\SphereShape.h">
      <Filter>Header Files</Filter>
    </ClInclude>
    <ClInclude Include="physics\interfaces\iCharacterController.h">
      <Filter>Header Files</Filter>
    </ClInclude>
    <ClInclude Include="physics\interfaces\CapsuleShape.h">
      <Filter>Header Files</Filter>
    </ClInclude>
  </ItemGroup>
  <ItemGroup>
    <ClCompile Include="physics\interfaces\BoxShape.cpp">
      <Filter>Source Files</Filter>
    </ClCompile>
    <ClCompile Include="physics\interfaces\CylinderShape.cpp">
      <Filter>Source Files</Filter>
    </ClCompile>
    <ClCompile Include="physics\interfaces\PlaneShape.cpp">
      <Filter>Source Files</Filter>
    </ClCompile>
    <ClCompile Include="physics\interfaces\SphereShape.cpp">
      <Filter>Source Files</Filter>
    </ClCompile>
    <ClCompile Include="physics\interfaces\CapsuleShape.cpp">
      <Filter>Source Files</Filter>
    </ClCompile>
  </ItemGroup>
</Project>