<?xml version="1.0" encoding="utf-8"?>
<Project ToolsVersion="4.0" xmlns="http://schemas.microsoft.com/developer/msbuild/2003">
  <ItemGroup>
    <Filter Include="Source Files">
      <UniqueIdentifier>{4FC737F1-C7A5-4376-A066-2A32D752A2FF}</UniqueIdentifier>
      <Extensions>cpp;c;cc;cxx;c++;cppm;ixx;def;odl;idl;hpj;bat;asm;asmx</Extensions>
    </Filter>
    <Filter Include="Header Files">
      <UniqueIdentifier>{93995380-89BD-4b04-88EB-625FBE52EBFB}</UniqueIdentifier>
      <Extensions>h;hh;hpp;hxx;h++;hm;inl;inc;ipp;xsd</Extensions>
    </Filter>
    <Filter Include="Resource Files">
      <UniqueIdentifier>{67DA6AB6-F800-4c08-8B7A-83BB121AAD01}</UniqueIdentifier>
      <Extensions>rc;ico;cur;bmp;dlg;rc2;rct;bin;rgs;gif;jpg;jpeg;jpe;resx;tiff;tif;png;wav;mfcribbon-ms</Extensions>
    </Filter>
    <Filter Include="engine">
      <UniqueIdentifier>{832b9ed8-bcfb-47cf-b713-49a2327df0fa}</UniqueIdentifier>
    </Filter>
    <Filter Include="engine\ecs">
      <UniqueIdentifier>{68a94590-0b15-41ec-9527-dedd258799a8}</UniqueIdentifier>
    </Filter>
    <Filter Include="engine\entity">
      <UniqueIdentifier>{45fa2d51-1d0b-4354-8cc6-7bd0cb76007a}</UniqueIdentifier>
    </Filter>
    <Filter Include="engine\job">
      <UniqueIdentifier>{526cf0d4-139f-4f8c-beff-79c786c25200}</UniqueIdentifier>
    </Filter>
    <Filter Include="animation">
      <UniqueIdentifier>{5bf7a6f7-bbb0-4011-b435-d60c78d5afa1}</UniqueIdentifier>
    </Filter>
    <Filter Include="animation\components">
      <UniqueIdentifier>{8ebbda43-8717-4865-9de8-831f18348cd0}</UniqueIdentifier>
    </Filter>
    <Filter Include="components">
      <UniqueIdentifier>{bbffbeb6-cf15-4565-a17d-eb0f3e73e2c4}</UniqueIdentifier>
    </Filter>
    <Filter Include="audio">
      <UniqueIdentifier>{3ae8d7b4-51c8-4580-9bf6-6bb6c0b1c709}</UniqueIdentifier>
    </Filter>
    <Filter Include="graphics">
      <UniqueIdentifier>{d57811f6-74b1-488b-8530-dd8e6696b32e}</UniqueIdentifier>
    </Filter>
    <Filter Include="graphics\camera">
      <UniqueIdentifier>{bf6b302e-b4e8-49cf-8d8a-c01d0094c1ad}</UniqueIdentifier>
    </Filter>
    <Filter Include="graphics\components">
      <UniqueIdentifier>{f6b3de48-b969-4e17-aab2-0ae851ed7c95}</UniqueIdentifier>
    </Filter>
    <Filter Include="graphics\material">
      <UniqueIdentifier>{9052b189-ef6c-443c-90d4-2830d4d34f60}</UniqueIdentifier>
    </Filter>
    <Filter Include="graphics\mesh">
      <UniqueIdentifier>{0e2c47d5-b57a-44bd-9ec6-5eb8bf9dafc5}</UniqueIdentifier>
    </Filter>
    <Filter Include="graphics\shader">
      <UniqueIdentifier>{8d92d182-bc7a-4ef7-9685-8e4ec729a719}</UniqueIdentifier>
    </Filter>
    <Filter Include="graphics\texture">
      <UniqueIdentifier>{8b09d442-1387-4138-9bc3-25456de74a53}</UniqueIdentifier>
    </Filter>
    <Filter Include="graphics\window">
      <UniqueIdentifier>{3653aec5-5888-4484-8596-9840038cd191}</UniqueIdentifier>
    </Filter>
    <Filter Include="world">
      <UniqueIdentifier>{126cf44e-2fdf-4943-8d11-8065c9ab5b9e}</UniqueIdentifier>
    </Filter>
    <Filter Include="physics">
      <UniqueIdentifier>{01af00b1-86f2-4221-9749-21f723022447}</UniqueIdentifier>
    </Filter>
    <Filter Include="physics\bodies">
      <UniqueIdentifier>{a5428879-7436-4d84-bfe3-966fbdd68907}</UniqueIdentifier>
    </Filter>
    <Filter Include="physics\components">
      <UniqueIdentifier>{768fcc1f-541c-4a23-958b-3f1f443dc1ea}</UniqueIdentifier>
    </Filter>
    <Filter Include="physics\shapes">
      <UniqueIdentifier>{beab9df1-4078-4a34-bd7b-36d563fa86ef}</UniqueIdentifier>
    </Filter>
    <Filter Include="physics\utils">
      <UniqueIdentifier>{3a3bd287-162b-4bfa-a8db-ebe2d4412d01}</UniqueIdentifier>
    </Filter>
    <Filter Include="systems">
      <UniqueIdentifier>{ff496b23-6b80-4b92-9073-d4f764ad87e8}</UniqueIdentifier>
    </Filter>
  </ItemGroup>
  <ItemGroup>
    <ClCompile Include="main.cpp">
      <Filter>Source Files</Filter>
    </ClCompile>
    <ClCompile Include="engine\Engine.cpp">
      <Filter>engine</Filter>
    </ClCompile>
    <ClCompile Include="engine\InputManager.cpp">
      <Filter>engine</Filter>
    </ClCompile>
    <ClCompile Include="engine\entity\EntityManager.cpp">
      <Filter>engine\entity</Filter>
    </ClCompile>
    <ClCompile Include="engine\job\job.cpp">
      <Filter>engine\job</Filter>
    </ClCompile>
    <ClCompile Include="engine\job\jobqueue.cpp">
      <Filter>engine\job</Filter>
    </ClCompile>
    <ClCompile Include="animation\animation.cpp">
      <Filter>animation</Filter>
    </ClCompile>
    <ClCompile Include="animation\animationmanager.cpp">
      <Filter>animation</Filter>
    </ClCompile>
    <ClCompile Include="animation\animationsystem.cpp">
      <Filter>animation</Filter>
    </ClCompile>
    <ClCompile Include="audio\audiomanager.cpp">
      <Filter>audio</Filter>
    </ClCompile>
    <ClCompile Include="graphics\camera\camera.cpp">
      <Filter>graphics\camera</Filter>
    </ClCompile>
    <ClCompile Include="graphics\camera\cameramanager.cpp">
      <Filter>graphics\camera</Filter>
    </ClCompile>
    <ClCompile Include="graphics\material\material.cpp">
      <Filter>graphics\material</Filter>
    </ClCompile>
    <ClCompile Include="graphics\material\materialmanager.cpp">
      <Filter>graphics\material</Filter>
    </ClCompile>
    <ClCompile Include="graphics\mesh\mesh.cpp">
      <Filter>graphics\mesh</Filter>
    </ClCompile>
    <ClCompile Include="graphics\mesh\meshmanager.cpp">
      <Filter>graphics\mesh</Filter>
    </ClCompile>
    <ClCompile Include="graphics\shader\shader.cpp">
      <Filter>graphics\shader</Filter>
    </ClCompile>
    <ClCompile Include="graphics\shader\shadermanager.cpp">
      <Filter>graphics\shader</Filter>
    </ClCompile>
    <ClCompile Include="graphics\shader\shaderprogram.cpp">
      <Filter>graphics\shader</Filter>
    </ClCompile>
    <ClCompile Include="graphics\texture\texture.cpp">
      <Filter>graphics\texture</Filter>
    </ClCompile>
    <ClCompile Include="graphics\texture\texturemanager.cpp">
      <Filter>graphics\texture</Filter>
    </ClCompile>
    <ClCompile Include="graphics\window\WindowProperties.cpp">
      <Filter>graphics\window</Filter>
    </ClCompile>
    <ClCompile Include="graphics\window\WindowManager.cpp">
      <Filter>graphics\window</Filter>
    </ClCompile>
    <ClCompile Include="world\World.cpp">
      <Filter>world</Filter>
    </ClCompile>
    <ClCompile Include="world\worldmanager.cpp">
      <Filter>world</Filter>
    </ClCompile>
    <ClCompile Include="physics\physicsfactory.cpp">
      <Filter>physics</Filter>
    </ClCompile>
    <ClCompile Include="physics\PhysicsSystem.cpp">
      <Filter>physics</Filter>
    </ClCompile>
    <ClCompile Include="physics\Physicsworld.cpp">
      <Filter>physics</Filter>
    </ClCompile>
    <ClCompile Include="physics\bodies\collisionbody.cpp">
      <Filter>physics\bodies</Filter>
    </ClCompile>
    <ClCompile Include="physics\bodies\rigidbody.cpp">
      <Filter>physics\bodies</Filter>
    </ClCompile>
    <ClCompile Include="physics\bodies\softbody.cpp">
      <Filter>physics\bodies</Filter>
    </ClCompile>
    <ClCompile Include="physics\components\RigidBodyComponent.cpp">
      <Filter>physics\components</Filter>
    </ClCompile>
    <ClCompile Include="physics\utils\PhysicsUtils.cpp">
      <Filter>physics\utils</Filter>
    </ClCompile>
    <ClCompile Include="systems\motionsystem.cpp">
      <Filter>systems</Filter>
    </ClCompile>
    <ClCompile Include="GraphicsSystem.cpp">
      <Filter>graphics</Filter>
    </ClCompile>
    <ClCompile Include="Window.cpp">
      <Filter>graphics\window</Filter>
    </ClCompile>
  </ItemGroup>
  <ItemGroup>
    <ClInclude Include="engine\Engine.h">
      <Filter>engine</Filter>
    </ClInclude>
    <ClInclude Include="engine\InputManager.h">
      <Filter>engine</Filter>
    </ClInclude>
    <ClInclude Include="engine\ecs\Component.h">
      <Filter>engine\ecs</Filter>
    </ClInclude>
    <ClInclude Include="engine\ecs\Entity.h">
      <Filter>engine\ecs</Filter>
    </ClInclude>
    <ClInclude Include="engine\ecs\System.h">
      <Filter>engine\ecs</Filter>
    </ClInclude>
    <ClInclude Include="engine\entity\Entitymanager.h">
      <Filter>engine\entity</Filter>
    </ClInclude>
    <ClInclude Include="engine\job\job.h">
      <Filter>engine\job</Filter>
    </ClInclude>
    <ClInclude Include="engine\job\jobqueue.h">
      <Filter>engine\job</Filter>
    </ClInclude>
    <ClInclude Include="animation\animation.h">
      <Filter>animation</Filter>
    </ClInclude>
    <ClInclude Include="animation\animationmanager.h">
      <Filter>animation</Filter>
    </ClInclude>
    <ClInclude Include="animation\animationsystem.h">
      <Filter>animation</Filter>
    </ClInclude>
    <ClInclude Include="animation\components\AnimationComponent.h">
      <Filter>animation\components</Filter>
    </ClInclude>
    <ClInclude Include="components\cameracomponent.h">
      <Filter>components</Filter>
    </ClInclude>
    <ClInclude Include="components\positioncomponent.h">
      <Filter>components</Filter>
    </ClInclude>
    <ClInclude Include="components\velocitycomponent.h">
      <Filter>components</Filter>
    </ClInclude>
    <ClInclude Include="audio\audiomanager.h">
      <Filter>audio</Filter>
    </ClInclude>
    <ClInclude Include="graphics\rendersystem.h">
      <Filter>graphics</Filter>
    </ClInclude>
    <ClInclude Include="graphics\camera\camera.h">
      <Filter>graphics\camera</Filter>
    </ClInclude>
    <ClInclude Include="graphics\camera\cameramanager.h">
      <Filter>graphics\camera</Filter>
    </ClInclude>
    <ClInclude Include="graphics\components\MeshRenderer.h">
      <Filter>graphics\components</Filter>
    </ClInclude>
    <ClInclude Include="graphics\material\material.h">
      <Filter>graphics\material</Filter>
    </ClInclude>
    <ClInclude Include="graphics\material\materialmanager.h">
      <Filter>graphics\material</Filter>
    </ClInclude>
    <ClInclude Include="graphics\mesh\mesh.h">
      <Filter>graphics\mesh</Filter>
    </ClInclude>
    <ClInclude Include="graphics\mesh\meshmanager.h">
      <Filter>graphics\mesh</Filter>
    </ClInclude>
    <ClInclude Include="graphics\shader\shader.h">
      <Filter>graphics\shader</Filter>
    </ClInclude>
    <ClInclude Include="graphics\shader\shadermanager.h">
      <Filter>graphics\shader</Filter>
    </ClInclude>
    <ClInclude Include="graphics\shader\shaderprogram.h">
      <Filter>graphics\shader</Filter>
    </ClInclude>
    <ClInclude Include="graphics\texture\texture.h">
      <Filter>graphics\texture</Filter>
    </ClInclude>
    <ClInclude Include="graphics\texture\texturemanager.h">
      <Filter>graphics\texture</Filter>
    </ClInclude>
    <ClInclude Include="graphics\window\WindowProperties.h">
      <Filter>graphics\window</Filter>
    </ClInclude>
    <ClInclude Include="graphics\window\WindowManager.h">
      <Filter>graphics\window</Filter>
    </ClInclude>
    <ClInclude Include="world\World.h">
      <Filter>world</Filter>
    </ClInclude>
    <ClInclude Include="world\worldmanager.h">
      <Filter>world</Filter>
    </ClInclude>
    <ClInclude Include="physics\CollisionListener.h">
      <Filter>physics</Filter>
    </ClInclude>
    <ClInclude Include="physics\physicsfactory.h">
      <Filter>physics</Filter>
    </ClInclude>
    <ClInclude Include="physics\PhysicsSystem.h">
      <Filter>physics</Filter>
    </ClInclude>
    <ClInclude Include="physics\Physicsworld.h">
      <Filter>physics</Filter>
    </ClInclude>
    <ClInclude Include="physics\bodies\collisionbody.h">
      <Filter>physics\bodies</Filter>
    </ClInclude>
    <ClInclude Include="physics\bodies\rigidbody.h">
      <Filter>physics\bodies</Filter>
    </ClInclude>
    <ClInclude Include="physics\bodies\softbody.h">
      <Filter>physics\bodies</Filter>
    </ClInclude>
    <ClInclude Include="physics\components\rigidbodycomponent.h">
      <Filter>physics\components</Filter>
    </ClInclude>
    <ClInclude Include="physics\shapes\shape.h">
      <Filter>physics\shapes</Filter>
    </ClInclude>
    <ClInclude Include="physics\utils\PhysicsUtils.h">
      <Filter>physics\utils</Filter>
    </ClInclude>
    <ClInclude Include="systems\motionsystem.h">
      <Filter>systems</Filter>
    </ClInclude>
    <ClInclude Include="systems\scriptsystem.h">
      <Filter>systems</Filter>
    </ClInclude>
    <ClInclude Include="GraphicsSystem.h">
      <Filter>graphics</Filter>
    </ClInclude>
    <ClInclude Include="Window.h">
      <Filter>graphics\window</Filter>
    </ClInclude>
  </ItemGroup>
</Project>