<?xml version="1.0" encoding="utf-8"?>
<Project ToolsVersion="4.0" xmlns="http://schemas.microsoft.com/developer/msbuild/2003">
  <ItemGroup>
    <Filter Include="Source Files">
      <UniqueIdentifier>{4FC737F1-C7A5-4376-A066-2A32D752A2FF}</UniqueIdentifier>
      <Extensions>cpp;c;cc;cxx;c++;cppm;ixx;def;odl;idl;hpj;bat;asm;asmx</Extensions>
    </Filter>
    <Filter Include="Header Files">
      <UniqueIdentifier>{93995380-89BD-4b04-88EB-625FBE52EBFB}</UniqueIdentifier>
      <Extensions>h;hh;hpp;hxx;h++;hm;inl;inc;ipp;xsd</Extensions>
    </Filter>
    <Filter Include="Resource Files">
      <UniqueIdentifier>{67DA6AB6-F800-4c08-8B7A-83BB121AAD01}</UniqueIdentifier>
      <Extensions>rc;ico;cur;bmp;dlg;rc2;rct;bin;rgs;gif;jpg;jpeg;jpe;resx;tiff;tif;png;wav;mfcribbon-ms</Extensions>
    </Filter>
  </ItemGroup>
  <ItemGroup>
    <ClInclude Include="animation\components\AnimationComponent.h">
      <Filter>Header Files</Filter>
    </ClInclude>
    <ClInclude Include="graphics\components\MeshRenderer.h">
      <Filter>Header Files</Filter>
    </ClInclude>
    <ClInclude Include="components\positioncomponent.h">
      <Filter>Header Files</Filter>
    </ClInclude>
    <ClInclude Include="physics\components\rigidbodycomponent.h">
      <Filter>Header Files</Filter>
    </ClInclude>
    <ClInclude Include="components\velocitycomponent.h">
      <Filter>Header Files</Filter>
    </ClInclude>
    <ClInclude Include="engine\ecs\Component.h">
      <Filter>Header Files</Filter>
    </ClInclude>
    <ClInclude Include="engine\ecs\Entity.h">
      <Filter>Header Files</Filter>
    </ClInclude>
    <ClInclude Include="engine\ecs\System.h">
      <Filter>Header Files</Filter>
    </ClInclude>
    <ClInclude Include="engine\engine.h">
      <Filter>Header Files</Filter>
    </ClInclude>
    <ClInclude Include="engine\entity\entitymanager.h">
      <Filter>Header Files</Filter>
    </ClInclude>
    <ClInclude Include="systems\motionsystem.h">
      <Filter>Header Files</Filter>
    </ClInclude>
    <ClInclude Include="graphics\rendersystem.h">
      <Filter>Header Files</Filter>
    </ClInclude>
    <ClInclude Include="systems\scriptsystem.h">
      <Filter>Header Files</Filter>
    </ClInclude>
    <ClInclude Include="world\world.h">
      <Filter>Header Files</Filter>
    </ClInclude>
    <ClInclude Include="graphics\mesh\mesh.h">
      <Filter>Header Files</Filter>
    </ClInclude>
    <ClInclude Include="graphics\mesh\meshmanager.h">
      <Filter>Header Files</Filter>
    </ClInclude>
    <ClInclude Include="graphics\texture\texture.h">
      <Filter>Header Files</Filter>
    </ClInclude>
    <ClInclude Include="graphics\texture\texturemanager.h">
      <Filter>Header Files</Filter>
    </ClInclude>
    <ClInclude Include="engine\InputManager.h">
      <Filter>Header Files</Filter>
    </ClInclude>
    <ClInclude Include="graphics\window\window.h">
      <Filter>Header Files</Filter>
    </ClInclude>
    <ClInclude Include="graphics\window\windowmanager.h">
      <Filter>Header Files</Filter>
    </ClInclude>
    <ClInclude Include="graphics\camera\camera.h">
      <Filter>Header Files</Filter>
    </ClInclude>
    <ClInclude Include="graphics\camera\cameramanager.h">
      <Filter>Header Files</Filter>
    </ClInclude>
    <ClInclude Include="components\cameracomponent.h">
      <Filter>Header Files</Filter>
    </ClInclude>
    <ClInclude Include="world\worldmanager.h">
      <Filter>Header Files</Filter>
    </ClInclude>
    <ClInclude Include="physics\physicsworld.h">
      <Filter>Header Files</Filter>
    </ClInclude>
    <ClInclude Include="physics\bodies\rigidbody.h">
      <Filter>Header Files</Filter>
    </ClInclude>
    <ClInclude Include="physics\physicsfactory.h">
      <Filter>Header Files</Filter>
    </ClInclude>
    <ClInclude Include="animation\animation.h">
      <Filter>Header Files</Filter>
    </ClInclude>
    <ClInclude Include="animation\animationmanager.h">
      <Filter>Header Files</Filter>
    </ClInclude>
    <ClInclude Include="animation\animationsystem.h">
      <Filter>Header Files</Filter>
    </ClInclude>
    <ClInclude Include="graphics\shader\shader.h">
      <Filter>Header Files</Filter>
    </ClInclude>
    <ClInclude Include="graphics\shader\shaderprogram.h">
      <Filter>Header Files</Filter>
    </ClInclude>
    <ClInclude Include="graphics\shader\shadermanager.h">
      <Filter>Header Files</Filter>
    </ClInclude>
    <ClInclude Include="graphics\material\material.h">
      <Filter>Header Files</Filter>
    </ClInclude>
    <ClInclude Include="graphics\material\materialmanager.h">
      <Filter>Header Files</Filter>
    </ClInclude>
    <ClInclude Include="audio\audiomanager.h">
      <Filter>Header Files</Filter>
    </ClInclude>
    <ClInclude Include="engine\job\job.h">
      <Filter>Header Files</Filter>
    </ClInclude>
    <ClInclude Include="engine\job\jobqueue.h">
      <Filter>Header Files</Filter>
    </ClInclude>
    <ClInclude Include="physics\shapes\shape.h">
      <Filter>Header Files</Filter>
    </ClInclude>
    <ClInclude Include="physics\bodies\softbody.h">
      <Filter>Header Files</Filter>
    </ClInclude>
    <ClInclude Include="physics\bodies\collisionbody.h">
      <Filter>Header Files</Filter>
    </ClInclude>
    <ClInclude Include="physics\utils\PhysicsUtils.h">
      <Filter>Header Files</Filter>
    </ClInclude>
    <ClInclude Include="physics\PhysicsSystem.h">
      <Filter>Header Files</Filter>
    </ClInclude>
    <ClInclude Include="physics\CollisionListener.h">
      <Filter>Header Files</Filter>
    </ClInclude>
  </ItemGroup>
  <ItemGroup>
    <ClCompile Include="engine\engine.cpp">
      <Filter>Source Files</Filter>
    </ClCompile>
    <ClCompile Include="engine\entity\EntityManager.cpp">
      <Filter>Source Files</Filter>
    </ClCompile>
    <ClCompile Include="systems\motionsystem.cpp">
      <Filter>Source Files</Filter>
    </ClCompile>
    <ClCompile Include="main.cpp">
      <Filter>Source Files</Filter>
    </ClCompile>
    <ClCompile Include="world\world.cpp">
      <Filter>Source Files</Filter>
    </ClCompile>
    <ClCompile Include="graphics\mesh\mesh.cpp">
      <Filter>Source Files</Filter>
    </ClCompile>
    <ClCompile Include="graphics\mesh\meshmanager.cpp">
      <Filter>Source Files</Filter>
    </ClCompile>
    <ClCompile Include="graphics\texture\texture.cpp">
      <Filter>Source Files</Filter>
    </ClCompile>
    <ClCompile Include="graphics\texture\texturemanager.cpp">
      <Filter>Source Files</Filter>
    </ClCompile>
    <ClCompile Include="engine\InputManager.cpp">
      <Filter>Source Files</Filter>
    </ClCompile>
    <ClCompile Include="graphics\window\windowmanager.cpp">
      <Filter>Source Files</Filter>
    </ClCompile>
    <ClCompile Include="graphics\window\window.cpp">
      <Filter>Source Files</Filter>
    </ClCompile>
    <ClCompile Include="graphics\camera\camera.cpp">
      <Filter>Source Files</Filter>
    </ClCompile>
    <ClCompile Include="graphics\camera\cameramanager.cpp">
      <Filter>Source Files</Filter>
    </ClCompile>
    <ClCompile Include="world\worldmanager.cpp">
      <Filter>Source Files</Filter>
    </ClCompile>
    <ClCompile Include="physics\physicsworld.cpp">
      <Filter>Source Files</Filter>
    </ClCompile>
    <ClCompile Include="physics\bodies\rigidbody.cpp">
      <Filter>Source Files</Filter>
    </ClCompile>
    <ClCompile Include="physics\physicsfactory.cpp">
      <Filter>Source Files</Filter>
    </ClCompile>
    <ClCompile Include="animation\animation.cpp">
      <Filter>Source Files</Filter>
    </ClCompile>
    <ClCompile Include="animation\animationmanager.cpp">
      <Filter>Source Files</Filter>
    </ClCompile>
    <ClCompile Include="animation\animationsystem.cpp">
      <Filter>Source Files</Filter>
    </ClCompile>
    <ClCompile Include="graphics\shader\shader.cpp">
      <Filter>Source Files</Filter>
    </ClCompile>
    <ClCompile Include="graphics\shader\shaderprogram.cpp">
      <Filter>Source Files</Filter>
    </ClCompile>
    <ClCompile Include="graphics\shader\shadermanager.cpp">
      <Filter>Source Files</Filter>
    </ClCompile>
    <ClCompile Include="graphics\material\material.cpp">
      <Filter>Source Files</Filter>
    </ClCompile>
    <ClCompile Include="graphics\material\materialmanager.cpp">
      <Filter>Source Files</Filter>
    </ClCompile>
    <ClCompile Include="audio\audiomanager.cpp">
      <Filter>Source Files</Filter>
    </ClCompile>
    <ClCompile Include="engine\job\job.cpp">
      <Filter>Source Files</Filter>
    </ClCompile>
    <ClCompile Include="engine\job\jobqueue.cpp">
      <Filter>Source Files</Filter>
    </ClCompile>
    <ClCompile Include="physics\bodies\softbody.cpp">
      <Filter>Source Files</Filter>
    </ClCompile>
    <ClCompile Include="physics\bodies\collisionbody.cpp">
      <Filter>Source Files</Filter>
    </ClCompile>
    <ClCompile Include="physics\components\RigidBodyComponent.cpp">
      <Filter>Source Files</Filter>
    </ClCompile>
    <ClCompile Include="physics\utils\PhysicsUtils.cpp">
      <Filter>Source Files</Filter>
    </ClCompile>
    <ClCompile Include="physics\PhysicsSystem.cpp">
      <Filter>Source Files</Filter>
    </ClCompile>
  </ItemGroup>
</Project>